
Microsoft Visual Studio Solution File, Format Version 12.00
# Visual Studio Version 16
VisualStudioVersion = 16.0.29905.134
MinimumVisualStudioVersion = 10.0.40219.1
Project("{FAE04EC0-301F-11D3-BF4B-00C04F79EFBC}") = "SyncTTTClient", "SynchronousTicTacToe\SyncTTTClient.csproj", "{47AA654A-6200-4799-8E3F-1A956AACF064}"
EndProject
Project("{FAE04EC0-301F-11D3-BF4B-00C04F79EFBC}") = "SyncTTTServer", "SyncTTTServer\SyncTTTServer.csproj", "{3138E601-5457-4C6A-A345-AE51CAC5C833}"
EndProject
Project("{FAE04EC0-301F-11D3-BF4B-00C04F79EFBC}") = "SharedResources", "SharedResources\SharedResources.csproj", "{8DCD4574-DC90-4F0A-AAC9-E07E9F8CD87F}"
EndProject
Global
	GlobalSection(SolutionConfigurationPlatforms) = preSolution
		Debug|Any CPU = Debug|Any CPU
		Release|Any CPU = Release|Any CPU
	EndGlobalSection
	GlobalSection(ProjectConfigurationPlatforms) = postSolution
		{47AA654A-6200-4799-8E3F-1A956AACF064}.Debug|Any CPU.ActiveCfg = Debug|Any CPU
		{47AA654A-6200-4799-8E3F-1A956AACF064}.Debug|Any CPU.Build.0 = Debug|Any CPU
		{47AA654A-6200-4799-8E3F-1A956AACF064}.Release|Any CPU.ActiveCfg = Release|Any CPU
		{47AA654A-6200-4799-8E3F-1A956AACF064}.Release|Any CPU.Build.0 = Release|Any CPU
		{3138E601-5457-4C6A-A345-AE51CAC5C833}.Debug|Any CPU.ActiveCfg = Debug|Any CPU
		{3138E601-5457-4C6A-A345-AE51CAC5C833}.Debug|Any CPU.Build.0 = Debug|Any CPU
		{3138E601-5457-4C6A-A345-AE51CAC5C833}.Release|Any CPU.ActiveCfg = Release|Any CPU
		{3138E601-5457-4C6A-A345-AE51CAC5C833}.Release|Any CPU.Build.0 = Release|Any CPU
		{8DCD4574-DC90-4F0A-AAC9-E07E9F8CD87F}.Debug|Any CPU.ActiveCfg = Debug|Any CPU
		{8DCD4574-DC90-4F0A-AAC9-E07E9F8CD87F}.Debug|Any CPU.Build.0 = Debug|Any CPU
		{8DCD4574-DC90-4F0A-AAC9-E07E9F8CD87F}.Release|Any CPU.ActiveCfg = Release|Any CPU
		{8DCD4574-DC90-4F0A-AAC9-E07E9F8CD87F}.Release|Any CPU.Build.0 = Release|Any CPU
	EndGlobalSection
	GlobalSection(SolutionProperties) = preSolution
		HideSolutionNode = FALSE
	EndGlobalSection
	GlobalSection(ExtensibilityGlobals) = postSolution
		SolutionGuid = {F61663D7-CD6D-458E-A3FF-2DC5FBCE766D}
	EndGlobalSection
EndGlobal
